
Microsoft Visual Studio Solution File, Format Version 12.00
# Visual Studio 15
VisualStudioVersion = 15.0.28307.572
MinimumVisualStudioVersion = 10.0.40219.1
Project("{FAE04EC0-301F-11D3-BF4B-00C04F79EFBC}") = "NoticeWeb", "NoticeWeb\NoticeWeb.csproj", "{385C1292-031E-4322-9D1F-016FB4865F6A}"
EndProject
Project("{FAE04EC0-301F-11D3-BF4B-00C04F79EFBC}") = "Notice.Models", "..\ENoticeAPICode\Notice.Models\Notice.Models.csproj", "{F9254F83-193E-412D-BFFE-9982DFDEECDE}"
EndProject
Global
	GlobalSection(SolutionConfigurationPlatforms) = preSolution
		Debug|Any CPU = Debug|Any CPU
		Release|Any CPU = Release|Any CPU
	EndGlobalSection
	GlobalSection(ProjectConfigurationPlatforms) = postSolution
		{385C1292-031E-4322-9D1F-016FB4865F6A}.Debug|Any CPU.ActiveCfg = Debug|Any CPU
		{385C1292-031E-4322-9D1F-016FB4865F6A}.Debug|Any CPU.Build.0 = Debug|Any CPU
		{385C1292-031E-4322-9D1F-016FB4865F6A}.Release|Any CPU.ActiveCfg = Release|Any CPU
		{385C1292-031E-4322-9D1F-016FB4865F6A}.Release|Any CPU.Build.0 = Release|Any CPU
		{F9254F83-193E-412D-BFFE-9982DFDEECDE}.Debug|Any CPU.ActiveCfg = Debug|Any CPU
		{F9254F83-193E-412D-BFFE-9982DFDEECDE}.Debug|Any CPU.Build.0 = Debug|Any CPU
		{F9254F83-193E-412D-BFFE-9982DFDEECDE}.Release|Any CPU.ActiveCfg = Release|Any CPU
		{F9254F83-193E-412D-BFFE-9982DFDEECDE}.Release|Any CPU.Build.0 = Release|Any CPU
	EndGlobalSection
	GlobalSection(SolutionProperties) = preSolution
		HideSolutionNode = FALSE
	EndGlobalSection
	GlobalSection(ExtensibilityGlobals) = postSolution
		SolutionGuid = {620F1AE9-8A6D-4C42-9522-155A12AFFE2D}
	EndGlobalSection
EndGlobal
